
Microsoft Visual Studio Solution File, Format Version 12.00
# Visual Studio Version 16
VisualStudioVersion = 25.0.1704.4
MinimumVisualStudioVersion = 10.0.40219.1
Project("{FAE04EC0-301F-11D3-BF4B-00C04F79EFBC}") = "Portfolio", "Portfolio\Portfolio.csproj", "{E1B58D87-AE84-4F97-B44C-EBD1B2BA562E}"
EndProject
Global
	GlobalSection(SolutionConfigurationPlatforms) = preSolution
		Debug|Any CPU = Debug|Any CPU
		Release|Any CPU = Release|Any CPU
	EndGlobalSection
	GlobalSection(ProjectConfigurationPlatforms) = postSolution
		{E1B58D87-AE84-4F97-B44C-EBD1B2BA562E}.Debug|Any CPU.ActiveCfg = Debug|Any CPU
		{E1B58D87-AE84-4F97-B44C-EBD1B2BA562E}.Debug|Any CPU.Build.0 = Debug|Any CPU
		{E1B58D87-AE84-4F97-B44C-EBD1B2BA562E}.Release|Any CPU.ActiveCfg = Release|Any CPU
		{E1B58D87-AE84-4F97-B44C-EBD1B2BA562E}.Release|Any CPU.Build.0 = Release|Any CPU
	EndGlobalSection
	GlobalSection(SolutionProperties) = preSolution
		HideSolutionNode = FALSE
	EndGlobalSection
	GlobalSection(ExtensibilityGlobals) = postSolution
		SolutionGuid = {31E5BEE8-DF0C-4267-AE4B-309EC0AC58B6}
	EndGlobalSection
EndGlobal
